{
  "requires": true,
  "lockfileVersion": 1,
  "dependencies": {
    "@babel/runtime": {
      "version": "7.27.6",
      "resolved": "https://registry.npmmirror.com/@babel/runtime/-/runtime-7.27.6.tgz",
      "integrity": "sha512-vbavdySgbTTrmFE+EsiqUTzlOr5bzlnJtUv9PynGCAKvfQqjIXbvFdumPM/GxMDfyuGMJaJAU6TO4zc1Jf1i8Q=="
    },
    "collapse-white-space": {
      "version": "2.1.0",
      "resolved": "https://registry.npmmirror.com/collapse-white-space/-/collapse-white-space-2.1.0.tgz",
      "integrity": "sha512-loKTxY1zCOuG4j9f6EPnuyyYkf58RnhhWTvRoZEokgB+WbdXehfjFviyOVYkqzEWz1Q5kRiZdBYS5SwxbQYwzw=="
    },
    "franc": {
      "version": "6.2.0",
      "resolved": "https://registry.npmmirror.com/franc/-/franc-6.2.0.tgz",
      "integrity": "sha512-rcAewP7PSHvjq7Kgd7dhj82zE071kX5B4W1M4ewYMf/P+i6YsDQmj62Xz3VQm9zyUzUXwhIde/wHLGCMrM+yGg==",
      "requires": {
        "trigram-utils": "^2.0.0"
      }
    },
    "html-parse-stringify": {
      "version": "3.0.1",
      "resolved": "https://registry.npmmirror.com/html-parse-stringify/-/html-parse-stringify-3.0.1.tgz",
      "integrity": "sha512-KknJ50kTInJ7qIScF3jeaFRpMpE8/lfiTdzf/twXyPBLAGrLRTmkz3AdTnKeh40X8k9L2fdYwEp/42WGXIRGcg==",
      "requires": {
        "void-elements": "3.1.0"
      }
    },
    "i18next": {
      "version": "25.2.1",
      "resolved": "https://registry.npmmirror.com/i18next/-/i18next-25.2.1.tgz",
      "integrity": "sha512-+UoXK5wh+VlE1Zy5p6MjcvctHXAhRwQKCxiJD8noKZzIXmnAX8gdHX5fLPA3MEVxEN4vbZkQFy8N0LyD9tUqPw==",
      "requires": {
        "@babel/runtime": "^7.27.1"
      }
    },
    "n-gram": {
      "version": "2.0.2",
      "resolved": "https://registry.npmmirror.com/n-gram/-/n-gram-2.0.2.tgz",
      "integrity": "sha512-S24aGsn+HLBxUGVAUFOwGpKs7LBcG4RudKU//eWzt/mQ97/NMKQxDWHyHx63UNWk/OOdihgmzoETn1tf5nQDzQ=="
    },
    "react-i18next": {
      "version": "15.5.3",
      "resolved": "https://registry.npmmirror.com/react-i18next/-/react-i18next-15.5.3.tgz",
      "integrity": "sha512-ypYmOKOnjqPEJZO4m1BI0kS8kWqkBNsKYyhVUfij0gvjy9xJNoG/VcGkxq5dRlVwzmrmY1BQMAmpbbUBLwC4Kw==",
      "requires": {
        "@babel/runtime": "^7.27.6",
        "html-parse-stringify": "^3.0.1"
      }
    },
    "trigram-utils": {
      "version": "2.0.1",
      "resolved": "https://registry.npmmirror.com/trigram-utils/-/trigram-utils-2.0.1.tgz",
      "integrity": "sha512-nfWIXHEaB+HdyslAfMxSqWKDdmqY9I32jS7GnqpdWQnLH89r6A5sdk3fDVYqGAZ0CrT8ovAFSAo6HRiWcWNIGQ==",
      "requires": {
        "collapse-white-space": "^2.0.0",
        "n-gram": "^2.0.0"
      }
    },
    "void-elements": {
      "version": "3.1.0",
      "resolved": "https://registry.npmmirror.com/void-elements/-/void-elements-3.1.0.tgz",
      "integrity": "sha512-Dhxzh5HZuiHQhbvTW9AMetFfBHDMYpo23Uo9btPXgdYP+3T5S+p+jgNy7spra+veYhBP2dCSgxR/i2Y02h5/6w=="
    }
  }
}
